
Microsoft Visual Studio Solution File, Format Version 12.00
# Visual Studio Version 16
VisualStudioVersion = 16.0.31911.196
MinimumVisualStudioVersion = 10.0.40219.1
Project("{FAE04EC0-301F-11D3-BF4B-00C04F79EFBC}") = "П1v2", "П1v2\П1v2.csproj", "{C8E2EC7C-3E21-42BE-9437-DAE6A010DD26}"
EndProject
Global
	GlobalSection(SolutionConfigurationPlatforms) = preSolution
		Debug|Any CPU = Debug|Any CPU
		Release|Any CPU = Release|Any CPU
	EndGlobalSection
	GlobalSection(ProjectConfigurationPlatforms) = postSolution
		{C8E2EC7C-3E21-42BE-9437-DAE6A010DD26}.Debug|Any CPU.ActiveCfg = Debug|Any CPU
		{C8E2EC7C-3E21-42BE-9437-DAE6A010DD26}.Debug|Any CPU.Build.0 = Debug|Any CPU
		{C8E2EC7C-3E21-42BE-9437-DAE6A010DD26}.Release|Any CPU.ActiveCfg = Release|Any CPU
		{C8E2EC7C-3E21-42BE-9437-DAE6A010DD26}.Release|Any CPU.Build.0 = Release|Any CPU
	EndGlobalSection
	GlobalSection(SolutionProperties) = preSolution
		HideSolutionNode = FALSE
	EndGlobalSection
	GlobalSection(ExtensibilityGlobals) = postSolution
		SolutionGuid = {A9BCE669-549D-42D3-88C5-3096236B2F50}
	EndGlobalSection
EndGlobal
